{
  "pins" : [
    {
      "identity" : "facebook-ios-sdk",
      "kind" : "remoteSourceControl",
      "location" : "https://github.com/facebook/facebook-ios-sdk",
      "state" : {
        "branch" : "main",
        "revision" : "d21d67538df7130b0a8e2936a9df819ae3cb3649"
      }
    }
  ],
  "version" : 2
}
